
Microsoft Visual Studio Solution File, Format Version 11.00
# Visual Studio 2010
Project("{FAE04EC0-301F-11D3-BF4B-00C04F79EFBC}") = "EulerProject", "EulerProject\EulerProject.csproj", "{B86A4043-8F4C-4103-B8BD-30D55678D4B1}"
EndProject
Project("{FAE04EC0-301F-11D3-BF4B-00C04F79EFBC}") = "EulerProjectTest", "EulerProjectTest\EulerProjectTest.csproj", "{7774975F-CC26-4881-92B6-14B1974D9FC4}"
EndProject
Project("{2150E333-8FDC-42A3-9474-1A3956D46DE8}") = "Solution Items", "Solution Items", "{812D3C21-3812-46AE-9D39-3F866D2262F2}"
	ProjectSection(SolutionItems) = preProject
		EulerProject.vsmdi = EulerProject.vsmdi
		Local.testsettings = Local.testsettings
		TraceAndTestImpact.testsettings = TraceAndTestImpact.testsettings
	EndProjectSection
EndProject
Global
	GlobalSection(TestCaseManagementSettings) = postSolution
		CategoryFile = EulerProject.vsmdi
	EndGlobalSection
	GlobalSection(SolutionConfigurationPlatforms) = preSolution
		Debug|Any CPU = Debug|Any CPU
		Release|Any CPU = Release|Any CPU
	EndGlobalSection
	GlobalSection(ProjectConfigurationPlatforms) = postSolution
		{B86A4043-8F4C-4103-B8BD-30D55678D4B1}.Debug|Any CPU.ActiveCfg = Debug|Any CPU
		{B86A4043-8F4C-4103-B8BD-30D55678D4B1}.Debug|Any CPU.Build.0 = Debug|Any CPU
		{B86A4043-8F4C-4103-B8BD-30D55678D4B1}.Release|Any CPU.ActiveCfg = Release|Any CPU
		{B86A4043-8F4C-4103-B8BD-30D55678D4B1}.Release|Any CPU.Build.0 = Release|Any CPU
		{7774975F-CC26-4881-92B6-14B1974D9FC4}.Debug|Any CPU.ActiveCfg = Debug|Any CPU
		{7774975F-CC26-4881-92B6-14B1974D9FC4}.Debug|Any CPU.Build.0 = Debug|Any CPU
		{7774975F-CC26-4881-92B6-14B1974D9FC4}.Release|Any CPU.ActiveCfg = Release|Any CPU
		{7774975F-CC26-4881-92B6-14B1974D9FC4}.Release|Any CPU.Build.0 = Release|Any CPU
	EndGlobalSection
	GlobalSection(SolutionProperties) = preSolution
		HideSolutionNode = FALSE
	EndGlobalSection
EndGlobal
